
Microsoft Visual Studio Solution File, Format Version 12.00
# Visual Studio 15
VisualStudioVersion = 15.0.26124.0
MinimumVisualStudioVersion = 15.0.26124.0
Project("{FAE04EC0-301F-11D3-BF4B-00C04F79EFBC}") = "Mailman", "src\Mailman.csproj", "{288C0A3D-06B5-4B44-B402-C7087C2F24D0}"
EndProject
Project("{FAE04EC0-301F-11D3-BF4B-00C04F79EFBC}") = "Mailman.Test", "test\Mailman.Test.csproj", "{222C3134-39F4-4FD0-8C91-E7BD253811D9}"
EndProject
Global
	GlobalSection(SolutionConfigurationPlatforms) = preSolution
		Debug|Any CPU = Debug|Any CPU
		Debug|x64 = Debug|x64
		Debug|x86 = Debug|x86
		Release|Any CPU = Release|Any CPU
		Release|x64 = Release|x64
		Release|x86 = Release|x86
	EndGlobalSection
	GlobalSection(SolutionProperties) = preSolution
		HideSolutionNode = FALSE
	EndGlobalSection
	GlobalSection(ProjectConfigurationPlatforms) = postSolution
		{288C0A3D-06B5-4B44-B402-C7087C2F24D0}.Debug|Any CPU.ActiveCfg = Debug|Any CPU
		{288C0A3D-06B5-4B44-B402-C7087C2F24D0}.Debug|Any CPU.Build.0 = Debug|Any CPU
		{288C0A3D-06B5-4B44-B402-C7087C2F24D0}.Debug|x64.ActiveCfg = Debug|Any CPU
		{288C0A3D-06B5-4B44-B402-C7087C2F24D0}.Debug|x64.Build.0 = Debug|Any CPU
		{288C0A3D-06B5-4B44-B402-C7087C2F24D0}.Debug|x86.ActiveCfg = Debug|Any CPU
		{288C0A3D-06B5-4B44-B402-C7087C2F24D0}.Debug|x86.Build.0 = Debug|Any CPU
		{288C0A3D-06B5-4B44-B402-C7087C2F24D0}.Release|Any CPU.ActiveCfg = Release|Any CPU
		{288C0A3D-06B5-4B44-B402-C7087C2F24D0}.Release|Any CPU.Build.0 = Release|Any CPU
		{288C0A3D-06B5-4B44-B402-C7087C2F24D0}.Release|x64.ActiveCfg = Release|Any CPU
		{288C0A3D-06B5-4B44-B402-C7087C2F24D0}.Release|x64.Build.0 = Release|Any CPU
		{288C0A3D-06B5-4B44-B402-C7087C2F24D0}.Release|x86.ActiveCfg = Release|Any CPU
		{288C0A3D-06B5-4B44-B402-C7087C2F24D0}.Release|x86.Build.0 = Release|Any CPU
		{222C3134-39F4-4FD0-8C91-E7BD253811D9}.Debug|Any CPU.ActiveCfg = Debug|Any CPU
		{222C3134-39F4-4FD0-8C91-E7BD253811D9}.Debug|Any CPU.Build.0 = Debug|Any CPU
		{222C3134-39F4-4FD0-8C91-E7BD253811D9}.Debug|x64.ActiveCfg = Debug|Any CPU
		{222C3134-39F4-4FD0-8C91-E7BD253811D9}.Debug|x64.Build.0 = Debug|Any CPU
		{222C3134-39F4-4FD0-8C91-E7BD253811D9}.Debug|x86.ActiveCfg = Debug|Any CPU
		{222C3134-39F4-4FD0-8C91-E7BD253811D9}.Debug|x86.Build.0 = Debug|Any CPU
		{222C3134-39F4-4FD0-8C91-E7BD253811D9}.Release|Any CPU.ActiveCfg = Release|Any CPU
		{222C3134-39F4-4FD0-8C91-E7BD253811D9}.Release|Any CPU.Build.0 = Release|Any CPU
		{222C3134-39F4-4FD0-8C91-E7BD253811D9}.Release|x64.ActiveCfg = Release|Any CPU
		{222C3134-39F4-4FD0-8C91-E7BD253811D9}.Release|x64.Build.0 = Release|Any CPU
		{222C3134-39F4-4FD0-8C91-E7BD253811D9}.Release|x86.ActiveCfg = Release|Any CPU
		{222C3134-39F4-4FD0-8C91-E7BD253811D9}.Release|x86.Build.0 = Release|Any CPU
	EndGlobalSection
EndGlobal
